
Microsoft Visual Studio Solution File, Format Version 12.00
# Visual Studio 2013
VisualStudioVersion = 12.0.21005.1
MinimumVisualStudioVersion = 10.0.40219.1
Project("{FAE04EC0-301F-11D3-BF4B-00C04F79EFBC}") = "Giregi", "Giregi\Giregi.csproj", "{29EB5F85-B188-40F3-B439-29E9C806E01D}"
EndProject
Project("{FAE04EC0-301F-11D3-BF4B-00C04F79EFBC}") = "기레기 테스트", "기레기 테스트\기레기 테스트.csproj", "{A4721A02-0533-4C21-BD29-7F02C58F77D0}"
EndProject
Global
	GlobalSection(SolutionConfigurationPlatforms) = preSolution
		Debug|Any CPU = Debug|Any CPU
		Release|Any CPU = Release|Any CPU
	EndGlobalSection
	GlobalSection(ProjectConfigurationPlatforms) = postSolution
		{29EB5F85-B188-40F3-B439-29E9C806E01D}.Debug|Any CPU.ActiveCfg = Debug|Any CPU
		{29EB5F85-B188-40F3-B439-29E9C806E01D}.Debug|Any CPU.Build.0 = Debug|Any CPU
		{29EB5F85-B188-40F3-B439-29E9C806E01D}.Release|Any CPU.ActiveCfg = Release|Any CPU
		{29EB5F85-B188-40F3-B439-29E9C806E01D}.Release|Any CPU.Build.0 = Release|Any CPU
		{A4721A02-0533-4C21-BD29-7F02C58F77D0}.Debug|Any CPU.ActiveCfg = Debug|Any CPU
		{A4721A02-0533-4C21-BD29-7F02C58F77D0}.Debug|Any CPU.Build.0 = Debug|Any CPU
		{A4721A02-0533-4C21-BD29-7F02C58F77D0}.Release|Any CPU.ActiveCfg = Release|Any CPU
		{A4721A02-0533-4C21-BD29-7F02C58F77D0}.Release|Any CPU.Build.0 = Release|Any CPU
	EndGlobalSection
	GlobalSection(SolutionProperties) = preSolution
		HideSolutionNode = FALSE
	EndGlobalSection
EndGlobal
